
Microsoft Visual Studio Solution File, Format Version 12.00
# Visual Studio Version 17
VisualStudioVersion = 17.9.34728.123
MinimumVisualStudioVersion = 10.0.40219.1
Project("{FAE04EC0-301F-11D3-BF4B-00C04F79EFBC}") = "Entregable1Actividad2", "Entregable1Actividad2\Entregable1Actividad2.csproj", "{16BE809D-2B2C-43C3-B81B-858C098E9B67}"
EndProject
Global
	GlobalSection(SolutionConfigurationPlatforms) = preSolution
		Debug|Any CPU = Debug|Any CPU
		Release|Any CPU = Release|Any CPU
	EndGlobalSection
	GlobalSection(ProjectConfigurationPlatforms) = postSolution
		{16BE809D-2B2C-43C3-B81B-858C098E9B67}.Debug|Any CPU.ActiveCfg = Debug|Any CPU
		{16BE809D-2B2C-43C3-B81B-858C098E9B67}.Debug|Any CPU.Build.0 = Debug|Any CPU
		{16BE809D-2B2C-43C3-B81B-858C098E9B67}.Release|Any CPU.ActiveCfg = Release|Any CPU
		{16BE809D-2B2C-43C3-B81B-858C098E9B67}.Release|Any CPU.Build.0 = Release|Any CPU
	EndGlobalSection
	GlobalSection(SolutionProperties) = preSolution
		HideSolutionNode = FALSE
	EndGlobalSection
	GlobalSection(ExtensibilityGlobals) = postSolution
		SolutionGuid = {3FBBC4F0-012C-4855-86E9-5B360E2BCD9E}
	EndGlobalSection
EndGlobal
